
Microsoft Visual Studio Solution File, Format Version 12.00
# Visual Studio Version 17
VisualStudioVersion = 17.5.002.0
MinimumVisualStudioVersion = 10.0.40219.1
Project("{9A19103F-16F7-4668-BE54-9A1E7A4F7556}") = "Melin.Server", "Melin.Server.csproj", "{18DB0333-7CA6-4B55-AD49-9958F8723A9E}"
EndProject
Global
	GlobalSection(SolutionConfigurationPlatforms) = preSolution
		Debug|Any CPU = Debug|Any CPU
		Release|Any CPU = Release|Any CPU
	EndGlobalSection
	GlobalSection(ProjectConfigurationPlatforms) = postSolution
		{18DB0333-7CA6-4B55-AD49-9958F8723A9E}.Debug|Any CPU.ActiveCfg = Debug|Any CPU
		{18DB0333-7CA6-4B55-AD49-9958F8723A9E}.Debug|Any CPU.Build.0 = Debug|Any CPU
		{18DB0333-7CA6-4B55-AD49-9958F8723A9E}.Release|Any CPU.ActiveCfg = Release|Any CPU
		{18DB0333-7CA6-4B55-AD49-9958F8723A9E}.Release|Any CPU.Build.0 = Release|Any CPU
	EndGlobalSection
	GlobalSection(SolutionProperties) = preSolution
		HideSolutionNode = FALSE
	EndGlobalSection
	GlobalSection(ExtensibilityGlobals) = postSolution
		SolutionGuid = {75469E7F-D5FA-4B37-B5F3-E70A38C8A989}
	EndGlobalSection
EndGlobal
